
Microsoft Visual Studio Solution File, Format Version 12.00
# Visual Studio Version 17
VisualStudioVersion = 17.13.35931.197
MinimumVisualStudioVersion = 10.0.40219.1
Project("{FAE04EC0-301F-11D3-BF4B-00C04F79EFBC}") = "WpfApp", "WpfApp\WpfApp.csproj", "{CA31D6DE-C7E8-B6B4-E75F-83CD0E1918DF}"
EndProject
Project("{FAE04EC0-301F-11D3-BF4B-00C04F79EFBC}") = "WorkerService", "WorkerService\WorkerService.csproj", "{48D1988F-AA1B-3E5B-C53F-B584F25BB2F7}"
EndProject
Project("{FAE04EC0-301F-11D3-BF4B-00C04F79EFBC}") = "Services", "Services\Services.csproj", "{97207750-6972-232F-BB7B-6106666106AF}"
EndProject
Project("{FAE04EC0-301F-11D3-BF4B-00C04F79EFBC}") = "EfDataStorage", "EfDataStorage\EfDataStorage.csproj", "{9DF8E604-0D8F-5693-8F72-EABF591ADC4F}"
EndProject
Project("{FAE04EC0-301F-11D3-BF4B-00C04F79EFBC}") = "Core", "Core\Core.csproj", "{5ED06CAD-956C-C94D-BC0C-E89E30A887C2}"
EndProject
Project("{FAE04EC0-301F-11D3-BF4B-00C04F79EFBC}") = "Bootstrap", "Bootstrap\Bootstrap.csproj", "{D8EFA336-9B49-5FE4-C799-2614790B1800}"
EndProject
Project("{2150E333-8FDC-42A3-9474-1A3956D46DE8}") = "Old", "Old", "{02EA681E-C7D8-13C7-8484-4AC65E1B71E8}"
EndProject
Project("{FAE04EC0-301F-11D3-BF4B-00C04F79EFBC}") = "TaskApp.Domain", "TaskApp.Domain\TaskApp.Domain.csproj", "{F11DDC44-3572-42E0-9DE3-14C8EA8BAE1F}"
EndProject
Project("{FAE04EC0-301F-11D3-BF4B-00C04F79EFBC}") = "TaskApp.Infrastructures", "TaskApp.Infrastructures\TaskApp.Infrastructures.csproj", "{6471A30B-E0DE-F747-FE27-2E121B30E1FE}"
EndProject
Project("{FAE04EC0-301F-11D3-BF4B-00C04F79EFBC}") = "TaskApp.AppServices", "TaskApp.AppServices\TaskApp.AppServices.csproj", "{71E5A7FA-2487-AFF3-1F32-0CA2D2715BD6}"
EndProject
Global
	GlobalSection(SolutionConfigurationPlatforms) = preSolution
		Debug|Any CPU = Debug|Any CPU
		Release|Any CPU = Release|Any CPU
	EndGlobalSection
	GlobalSection(ProjectConfigurationPlatforms) = postSolution
		{CA31D6DE-C7E8-B6B4-E75F-83CD0E1918DF}.Debug|Any CPU.ActiveCfg = Debug|Any CPU
		{CA31D6DE-C7E8-B6B4-E75F-83CD0E1918DF}.Debug|Any CPU.Build.0 = Debug|Any CPU
		{CA31D6DE-C7E8-B6B4-E75F-83CD0E1918DF}.Release|Any CPU.ActiveCfg = Release|Any CPU
		{CA31D6DE-C7E8-B6B4-E75F-83CD0E1918DF}.Release|Any CPU.Build.0 = Release|Any CPU
		{48D1988F-AA1B-3E5B-C53F-B584F25BB2F7}.Debug|Any CPU.ActiveCfg = Debug|Any CPU
		{48D1988F-AA1B-3E5B-C53F-B584F25BB2F7}.Debug|Any CPU.Build.0 = Debug|Any CPU
		{48D1988F-AA1B-3E5B-C53F-B584F25BB2F7}.Release|Any CPU.ActiveCfg = Release|Any CPU
		{48D1988F-AA1B-3E5B-C53F-B584F25BB2F7}.Release|Any CPU.Build.0 = Release|Any CPU
		{97207750-6972-232F-BB7B-6106666106AF}.Debug|Any CPU.ActiveCfg = Debug|Any CPU
		{97207750-6972-232F-BB7B-6106666106AF}.Debug|Any CPU.Build.0 = Debug|Any CPU
		{97207750-6972-232F-BB7B-6106666106AF}.Release|Any CPU.ActiveCfg = Release|Any CPU
		{97207750-6972-232F-BB7B-6106666106AF}.Release|Any CPU.Build.0 = Release|Any CPU
		{9DF8E604-0D8F-5693-8F72-EABF591ADC4F}.Debug|Any CPU.ActiveCfg = Debug|Any CPU
		{9DF8E604-0D8F-5693-8F72-EABF591ADC4F}.Debug|Any CPU.Build.0 = Debug|Any CPU
		{9DF8E604-0D8F-5693-8F72-EABF591ADC4F}.Release|Any CPU.ActiveCfg = Release|Any CPU
		{9DF8E604-0D8F-5693-8F72-EABF591ADC4F}.Release|Any CPU.Build.0 = Release|Any CPU
		{5ED06CAD-956C-C94D-BC0C-E89E30A887C2}.Debug|Any CPU.ActiveCfg = Debug|Any CPU
		{5ED06CAD-956C-C94D-BC0C-E89E30A887C2}.Debug|Any CPU.Build.0 = Debug|Any CPU
		{5ED06CAD-956C-C94D-BC0C-E89E30A887C2}.Release|Any CPU.ActiveCfg = Release|Any CPU
		{5ED06CAD-956C-C94D-BC0C-E89E30A887C2}.Release|Any CPU.Build.0 = Release|Any CPU
		{D8EFA336-9B49-5FE4-C799-2614790B1800}.Debug|Any CPU.ActiveCfg = Debug|Any CPU
		{D8EFA336-9B49-5FE4-C799-2614790B1800}.Debug|Any CPU.Build.0 = Debug|Any CPU
		{D8EFA336-9B49-5FE4-C799-2614790B1800}.Release|Any CPU.ActiveCfg = Release|Any CPU
		{D8EFA336-9B49-5FE4-C799-2614790B1800}.Release|Any CPU.Build.0 = Release|Any CPU
		{F11DDC44-3572-42E0-9DE3-14C8EA8BAE1F}.Debug|Any CPU.ActiveCfg = Debug|Any CPU
		{F11DDC44-3572-42E0-9DE3-14C8EA8BAE1F}.Debug|Any CPU.Build.0 = Debug|Any CPU
		{F11DDC44-3572-42E0-9DE3-14C8EA8BAE1F}.Release|Any CPU.ActiveCfg = Release|Any CPU
		{F11DDC44-3572-42E0-9DE3-14C8EA8BAE1F}.Release|Any CPU.Build.0 = Release|Any CPU
		{6471A30B-E0DE-F747-FE27-2E121B30E1FE}.Debug|Any CPU.ActiveCfg = Debug|Any CPU
		{6471A30B-E0DE-F747-FE27-2E121B30E1FE}.Debug|Any CPU.Build.0 = Debug|Any CPU
		{6471A30B-E0DE-F747-FE27-2E121B30E1FE}.Release|Any CPU.ActiveCfg = Release|Any CPU
		{6471A30B-E0DE-F747-FE27-2E121B30E1FE}.Release|Any CPU.Build.0 = Release|Any CPU
		{71E5A7FA-2487-AFF3-1F32-0CA2D2715BD6}.Debug|Any CPU.ActiveCfg = Debug|Any CPU
		{71E5A7FA-2487-AFF3-1F32-0CA2D2715BD6}.Debug|Any CPU.Build.0 = Debug|Any CPU
		{71E5A7FA-2487-AFF3-1F32-0CA2D2715BD6}.Release|Any CPU.ActiveCfg = Release|Any CPU
		{71E5A7FA-2487-AFF3-1F32-0CA2D2715BD6}.Release|Any CPU.Build.0 = Release|Any CPU
	EndGlobalSection
	GlobalSection(SolutionProperties) = preSolution
		HideSolutionNode = FALSE
	EndGlobalSection
	GlobalSection(NestedProjects) = preSolution
		{97207750-6972-232F-BB7B-6106666106AF} = {02EA681E-C7D8-13C7-8484-4AC65E1B71E8}
		{9DF8E604-0D8F-5693-8F72-EABF591ADC4F} = {02EA681E-C7D8-13C7-8484-4AC65E1B71E8}
		{5ED06CAD-956C-C94D-BC0C-E89E30A887C2} = {02EA681E-C7D8-13C7-8484-4AC65E1B71E8}
		{D8EFA336-9B49-5FE4-C799-2614790B1800} = {02EA681E-C7D8-13C7-8484-4AC65E1B71E8}
	EndGlobalSection
	GlobalSection(ExtensibilityGlobals) = postSolution
		SolutionGuid = {A9B6396C-01E8-4632-986F-DAE3722A3A58}
	EndGlobalSection
EndGlobal
