
Microsoft Visual Studio Solution File, Format Version 12.00
# Visual Studio Version 17
VisualStudioVersion = 17.13.35931.197 d17.13
MinimumVisualStudioVersion = 10.0.40219.1
Project("{FAE04EC0-301F-11D3-BF4B-00C04F79EFBC}") = "WpfApp", "WpfApp\WpfApp.csproj", "{CA31D6DE-C7E8-B6B4-E75F-83CD0E1918DF}"
EndProject
Project("{FAE04EC0-301F-11D3-BF4B-00C04F79EFBC}") = "Bootstrap", "Bootstrap\Bootstrap.csproj", "{D8EFA336-9B49-5FE4-C799-2614790B1800}"
EndProject
Project("{FAE04EC0-301F-11D3-BF4B-00C04F79EFBC}") = "Core", "Core\Core.csproj", "{5ED06CAD-956C-C94D-BC0C-E89E30A887C2}"
EndProject
Project("{FAE04EC0-301F-11D3-BF4B-00C04F79EFBC}") = "EfDataStorage", "EfDataStorage\EfDataStorage.csproj", "{9DF8E604-0D8F-5693-8F72-EABF591ADC4F}"
EndProject
Project("{FAE04EC0-301F-11D3-BF4B-00C04F79EFBC}") = "Services", "Services\Services.csproj", "{97207750-6972-232F-BB7B-6106666106AF}"
EndProject
Project("{FAE04EC0-301F-11D3-BF4B-00C04F79EFBC}") = "WorkerService", "WorkerService\WorkerService.csproj", "{48D1988F-AA1B-3E5B-C53F-B584F25BB2F7}"
EndProject
Project("{2150E333-8FDC-42A3-9474-1A3956D46DE8}") = "Application", "Application", "{02EA681E-C7D8-13C7-8484-4AC65E1B71E8}"
EndProject
Project("{2150E333-8FDC-42A3-9474-1A3956D46DE8}") = "Persistence", "Persistence", "{C0B2E468-5EC1-418B-8D16-5840631313D5}"
EndProject
Project("{2150E333-8FDC-42A3-9474-1A3956D46DE8}") = "Business", "Business", "{16D233D0-65A6-491A-9464-84B0F1335664}"
EndProject
Project("{2150E333-8FDC-42A3-9474-1A3956D46DE8}") = "Tests", "Tests", "{696386B0-89BF-4BAB-80D6-AE28FFD13DC0}"
EndProject
Project("{FAE04EC0-301F-11D3-BF4B-00C04F79EFBC}") = "IntegrationTest", "IntegrationTest\IntegrationTest.csproj", "{8DDE9F20-9E4E-4790-A133-B0AE5E6FB69E}"
EndProject
Global
	GlobalSection(SolutionConfigurationPlatforms) = preSolution
		Debug|Any CPU = Debug|Any CPU
		Release|Any CPU = Release|Any CPU
	EndGlobalSection
	GlobalSection(ProjectConfigurationPlatforms) = postSolution
		{CA31D6DE-C7E8-B6B4-E75F-83CD0E1918DF}.Debug|Any CPU.ActiveCfg = Debug|Any CPU
		{CA31D6DE-C7E8-B6B4-E75F-83CD0E1918DF}.Debug|Any CPU.Build.0 = Debug|Any CPU
		{CA31D6DE-C7E8-B6B4-E75F-83CD0E1918DF}.Release|Any CPU.ActiveCfg = Release|Any CPU
		{CA31D6DE-C7E8-B6B4-E75F-83CD0E1918DF}.Release|Any CPU.Build.0 = Release|Any CPU
		{D8EFA336-9B49-5FE4-C799-2614790B1800}.Debug|Any CPU.ActiveCfg = Debug|Any CPU
		{D8EFA336-9B49-5FE4-C799-2614790B1800}.Debug|Any CPU.Build.0 = Debug|Any CPU
		{D8EFA336-9B49-5FE4-C799-2614790B1800}.Release|Any CPU.ActiveCfg = Release|Any CPU
		{D8EFA336-9B49-5FE4-C799-2614790B1800}.Release|Any CPU.Build.0 = Release|Any CPU
		{5ED06CAD-956C-C94D-BC0C-E89E30A887C2}.Debug|Any CPU.ActiveCfg = Debug|Any CPU
		{5ED06CAD-956C-C94D-BC0C-E89E30A887C2}.Debug|Any CPU.Build.0 = Debug|Any CPU
		{5ED06CAD-956C-C94D-BC0C-E89E30A887C2}.Release|Any CPU.ActiveCfg = Release|Any CPU
		{5ED06CAD-956C-C94D-BC0C-E89E30A887C2}.Release|Any CPU.Build.0 = Release|Any CPU
		{9DF8E604-0D8F-5693-8F72-EABF591ADC4F}.Debug|Any CPU.ActiveCfg = Debug|Any CPU
		{9DF8E604-0D8F-5693-8F72-EABF591ADC4F}.Debug|Any CPU.Build.0 = Debug|Any CPU
		{9DF8E604-0D8F-5693-8F72-EABF591ADC4F}.Release|Any CPU.ActiveCfg = Release|Any CPU
		{9DF8E604-0D8F-5693-8F72-EABF591ADC4F}.Release|Any CPU.Build.0 = Release|Any CPU
		{97207750-6972-232F-BB7B-6106666106AF}.Debug|Any CPU.ActiveCfg = Debug|Any CPU
		{97207750-6972-232F-BB7B-6106666106AF}.Debug|Any CPU.Build.0 = Debug|Any CPU
		{97207750-6972-232F-BB7B-6106666106AF}.Release|Any CPU.ActiveCfg = Release|Any CPU
		{97207750-6972-232F-BB7B-6106666106AF}.Release|Any CPU.Build.0 = Release|Any CPU
		{48D1988F-AA1B-3E5B-C53F-B584F25BB2F7}.Debug|Any CPU.ActiveCfg = Debug|Any CPU
		{48D1988F-AA1B-3E5B-C53F-B584F25BB2F7}.Debug|Any CPU.Build.0 = Debug|Any CPU
		{48D1988F-AA1B-3E5B-C53F-B584F25BB2F7}.Release|Any CPU.ActiveCfg = Release|Any CPU
		{48D1988F-AA1B-3E5B-C53F-B584F25BB2F7}.Release|Any CPU.Build.0 = Release|Any CPU
		{8DDE9F20-9E4E-4790-A133-B0AE5E6FB69E}.Debug|Any CPU.ActiveCfg = Debug|Any CPU
		{8DDE9F20-9E4E-4790-A133-B0AE5E6FB69E}.Debug|Any CPU.Build.0 = Debug|Any CPU
		{8DDE9F20-9E4E-4790-A133-B0AE5E6FB69E}.Release|Any CPU.ActiveCfg = Release|Any CPU
		{8DDE9F20-9E4E-4790-A133-B0AE5E6FB69E}.Release|Any CPU.Build.0 = Release|Any CPU
	EndGlobalSection
	GlobalSection(SolutionProperties) = preSolution
		HideSolutionNode = FALSE
	EndGlobalSection
	GlobalSection(NestedProjects) = preSolution
		{CA31D6DE-C7E8-B6B4-E75F-83CD0E1918DF} = {02EA681E-C7D8-13C7-8484-4AC65E1B71E8}
		{D8EFA336-9B49-5FE4-C799-2614790B1800} = {16D233D0-65A6-491A-9464-84B0F1335664}
		{5ED06CAD-956C-C94D-BC0C-E89E30A887C2} = {16D233D0-65A6-491A-9464-84B0F1335664}
		{9DF8E604-0D8F-5693-8F72-EABF591ADC4F} = {C0B2E468-5EC1-418B-8D16-5840631313D5}
		{97207750-6972-232F-BB7B-6106666106AF} = {16D233D0-65A6-491A-9464-84B0F1335664}
		{48D1988F-AA1B-3E5B-C53F-B584F25BB2F7} = {02EA681E-C7D8-13C7-8484-4AC65E1B71E8}
		{8DDE9F20-9E4E-4790-A133-B0AE5E6FB69E} = {696386B0-89BF-4BAB-80D6-AE28FFD13DC0}
	EndGlobalSection
	GlobalSection(ExtensibilityGlobals) = postSolution
		SolutionGuid = {229DBBB7-0AE0-466A-9FD6-AF0026AD9079}
	EndGlobalSection
EndGlobal
